<?xml version="1.0" encoding="utf-8"?>
<Project ToolsVersion="4.0" xmlns="http://schemas.microsoft.com/developer/msbuild/2003">
  <ItemGroup>
    <Filter Include="源文件">
      <UniqueIdentifier>{4FC737F1-C7A5-4376-A066-2A32D752A2FF}</UniqueIdentifier>
      <Extensions>cpp;c;cc;cxx;def;odl;idl;hpj;bat;asm;asmx</Extensions>
    </Filter>
  </ItemGroup>
  <ItemGroup>
    <ClCompile Include="audio.cpp">
      <Filter>源文件</Filter>
    </ClCompile>
    <ClCompile Include="config.cpp">
      <Filter>源文件</Filter>
    </ClCompile>
    <ClCompile Include="file.cpp">
      <Filter>源文件</Filter>
    </ClCompile>
    <ClCompile Include="netReceiver.cpp">
      <Filter>源文件</Filter>
    </ClCompile>
    <ClCompile Include="netSender.cpp">
      <Filter>源文件</Filter>
    </ClCompile>
    <ClCompile Include="qos.cpp">
      <Filter>源文件</Filter>
    </ClCompile>
    <ClCompile Include="DrateStatistics.cpp">
      <Filter>源文件</Filter>
    </ClCompile>
    <ClCompile Include="probe.cpp">
      <Filter>源文件</Filter>
    </ClCompile>
  </ItemGroup>
  <ItemGroup>
    <ClInclude Include="audio.h">
      <Filter>源文件</Filter>
    </ClInclude>
    <ClInclude Include="config.h">
      <Filter>源文件</Filter>
    </ClInclude>
    <ClInclude Include="file.h">
      <Filter>源文件</Filter>
    </ClInclude>
    <ClInclude Include="netReceiver.h">
      <Filter>源文件</Filter>
    </ClInclude>
    <ClInclude Include="netSender.h">
      <Filter>源文件</Filter>
    </ClInclude>
    <ClInclude Include="qos.h">
      <Filter>源文件</Filter>
    </ClInclude>
    <ClInclude Include="DrateStatistics.h">
      <Filter>源文件</Filter>
    </ClInclude>
    <ClInclude Include="probe.h">
      <Filter>源文件</Filter>
    </ClInclude>
  </ItemGroup>
</Project>