<?xml version="1.0" encoding="utf-8"?>
<Project ToolsVersion="4.0" xmlns="http://schemas.microsoft.com/developer/msbuild/2003">
  <ItemGroup>
    <Filter Include="源文件">
      <UniqueIdentifier>{4FC737F1-C7A5-4376-A066-2A32D752A2FF}</UniqueIdentifier>
      <Extensions>cpp;c;cc;cxx;def;odl;idl;hpj;bat;asm;asmx</Extensions>
    </Filter>
    <Filter Include="头文件">
      <UniqueIdentifier>{93995380-89BD-4b04-88EB-625FBE52EBFB}</UniqueIdentifier>
      <Extensions>h;hpp;hxx;hm;inl;inc;xsd</Extensions>
    </Filter>
    <Filter Include="资源文件">
      <UniqueIdentifier>{67DA6AB6-F800-4c08-8B7A-83BB121AAD01}</UniqueIdentifier>
      <Extensions>rc;ico;cur;bmp;dlg;rc2;rct;bin;rgs;gif;jpg;jpeg;jpe;resx;tiff;tif;png;wav</Extensions>
    </Filter>
    <Filter Include="src">
      <UniqueIdentifier>{dfa65343-d5ea-49e8-a691-0614f3473347}</UniqueIdentifier>
    </Filter>
    <Filter Include="src\windows">
      <UniqueIdentifier>{3a681a00-60d6-4c20-8839-1dbf6437dc4c}</UniqueIdentifier>
    </Filter>
  </ItemGroup>
  <ItemGroup>
    <ClCompile Include="hpr.cpp">
      <Filter>源文件</Filter>
    </ClCompile>
    <ClCompile Include="..\..\src\TPR_Addr.cpp">
      <Filter>src</Filter>
    </ClCompile>
    <ClCompile Include="..\..\src\TPR_Select.cpp">
      <Filter>src</Filter>
    </ClCompile>
    <ClCompile Include="..\..\src\TPR_Socket.cpp">
      <Filter>src</Filter>
    </ClCompile>
    <ClCompile Include="..\..\src\TPR_Tpr.cpp">
      <Filter>src</Filter>
    </ClCompile>
    <ClCompile Include="..\..\src\TPR_Utils.cpp">
      <Filter>src</Filter>
    </ClCompile>
    <ClCompile Include="..\..\src\windows\TPR_Thread.cpp">
      <Filter>src\windows</Filter>
    </ClCompile>
    <ClCompile Include="..\..\src\windows\TPR_Time.cpp">
      <Filter>src\windows</Filter>
    </ClCompile>
    <ClCompile Include="..\..\src\windows\TPR_Mutex.cpp">
      <Filter>src\windows</Filter>
    </ClCompile>
    <ClCompile Include="..\..\src\windows\TPR_Semaphore.cpp">
      <Filter>src\windows</Filter>
    </ClCompile>
  </ItemGroup>
  <ItemGroup>
    <ClInclude Include="..\..\inc\interInclude.h">
      <Filter>头文件</Filter>
    </ClInclude>
    <ClInclude Include="..\..\inc\TPR_Addr.h">
      <Filter>头文件</Filter>
    </ClInclude>
    <ClInclude Include="..\..\inc\TPR_Config.h">
      <Filter>头文件</Filter>
    </ClInclude>
    <ClInclude Include="..\..\inc\TPR_Net_Addr.h">
      <Filter>头文件</Filter>
    </ClInclude>
    <ClInclude Include="..\..\inc\TPR_Select.h">
      <Filter>头文件</Filter>
    </ClInclude>
    <ClInclude Include="..\..\inc\TPR_Sock_Utils.h">
      <Filter>头文件</Filter>
    </ClInclude>
    <ClInclude Include="..\..\inc\TPR_Socket.h">
      <Filter>头文件</Filter>
    </ClInclude>
    <ClInclude Include="..\..\inc\TPR_Time.h">
      <Filter>头文件</Filter>
    </ClInclude>
    <ClInclude Include="..\..\inc\TPR_Types.h">
      <Filter>头文件</Filter>
    </ClInclude>
    <ClInclude Include="..\..\src\windows\Win_Time.h">
      <Filter>src\windows</Filter>
    </ClInclude>
    <ClInclude Include="..\..\inc\TPR_Mutex.h">
      <Filter>头文件</Filter>
    </ClInclude>
    <ClInclude Include="..\..\inc\TPR_Guard.h">
      <Filter>头文件</Filter>
    </ClInclude>
  </ItemGroup>
</Project>